
Microsoft Visual Studio Solution File, Format Version 12.00
# Visual Studio Version 16
VisualStudioVersion = 16.0.31019.35
MinimumVisualStudioVersion = 10.0.40219.1
Project("{9A19103F-16F7-4668-BE54-9A1E7A4F7556}") = "Business", "Business\Business.csproj", "{0E9AA309-16A0-4A86-A087-21355902D389}"
EndProject
Project("{9A19103F-16F7-4668-BE54-9A1E7A4F7556}") = "Core", "Core\Core.csproj", "{09071469-E72C-4ED4-921A-F39DDEB30820}"
EndProject
Global
	GlobalSection(SolutionConfigurationPlatforms) = preSolution
		Debug|Any CPU = Debug|Any CPU
		Release|Any CPU = Release|Any CPU
	EndGlobalSection
	GlobalSection(ProjectConfigurationPlatforms) = postSolution
		{0E9AA309-16A0-4A86-A087-21355902D389}.Debug|Any CPU.ActiveCfg = Debug|Any CPU
		{0E9AA309-16A0-4A86-A087-21355902D389}.Debug|Any CPU.Build.0 = Debug|Any CPU
		{0E9AA309-16A0-4A86-A087-21355902D389}.Release|Any CPU.ActiveCfg = Release|Any CPU
		{0E9AA309-16A0-4A86-A087-21355902D389}.Release|Any CPU.Build.0 = Release|Any CPU
		{09071469-E72C-4ED4-921A-F39DDEB30820}.Debug|Any CPU.ActiveCfg = Debug|Any CPU
		{09071469-E72C-4ED4-921A-F39DDEB30820}.Debug|Any CPU.Build.0 = Debug|Any CPU
		{09071469-E72C-4ED4-921A-F39DDEB30820}.Release|Any CPU.ActiveCfg = Release|Any CPU
		{09071469-E72C-4ED4-921A-F39DDEB30820}.Release|Any CPU.Build.0 = Release|Any CPU
	EndGlobalSection
	GlobalSection(SolutionProperties) = preSolution
		HideSolutionNode = FALSE
	EndGlobalSection
	GlobalSection(ExtensibilityGlobals) = postSolution
		SolutionGuid = {A3BD9876-06A4-458C-AF30-EC3A30900F46}
	EndGlobalSection
EndGlobal
